
Microsoft Visual Studio Solution File, Format Version 12.00
# Visual Studio Version 17
VisualStudioVersion = 17.10.35013.160
MinimumVisualStudioVersion = 10.0.40219.1
Project("{FAE04EC0-301F-11D3-BF4B-00C04F79EFBC}") = "Aviacao", "Aviacao\Aviacao.csproj", "{1679E2E7-BACB-4303-BF32-45BAF3C14D2C}"
EndProject
Global
	GlobalSection(SolutionConfigurationPlatforms) = preSolution
		Debug|Any CPU = Debug|Any CPU
		Release|Any CPU = Release|Any CPU
	EndGlobalSection
	GlobalSection(ProjectConfigurationPlatforms) = postSolution
		{1679E2E7-BACB-4303-BF32-45BAF3C14D2C}.Debug|Any CPU.ActiveCfg = Debug|Any CPU
		{1679E2E7-BACB-4303-BF32-45BAF3C14D2C}.Debug|Any CPU.Build.0 = Debug|Any CPU
		{1679E2E7-BACB-4303-BF32-45BAF3C14D2C}.Release|Any CPU.ActiveCfg = Release|Any CPU
		{1679E2E7-BACB-4303-BF32-45BAF3C14D2C}.Release|Any CPU.Build.0 = Release|Any CPU
	EndGlobalSection
	GlobalSection(SolutionProperties) = preSolution
		HideSolutionNode = FALSE
	EndGlobalSection
	GlobalSection(ExtensibilityGlobals) = postSolution
		SolutionGuid = {0C68BA10-2B06-4D24-96B7-FB409C138187}
	EndGlobalSection
EndGlobal
